
Microsoft Visual Studio Solution File, Format Version 12.00
# Visual Studio Version 17
VisualStudioVersion = 17.12.35506.116
MinimumVisualStudioVersion = 10.0.40219.1
Project("{FAE04EC0-301F-11D3-BF4B-00C04F79EFBC}") = "Entities", "Entities\Entities.csproj", "{176E936F-82EC-439D-A5F5-01D867F5FF5A}"
EndProject
Project("{2150E333-8FDC-42A3-9474-1A3956D46DE8}") = "1-Apresentação", "1-Apresentação", "{B593DD83-611F-4C32-ABCD-336B0B4A2704}"
EndProject
Project("{2150E333-8FDC-42A3-9474-1A3956D46DE8}") = "2-Dominio", "2-Dominio", "{BB58B95B-BC1C-479B-84FF-537E8A1AD625}"
EndProject
Project("{2150E333-8FDC-42A3-9474-1A3956D46DE8}") = "3-infraestrutura", "3-infraestrutura", "{EB9E05F6-D9D3-439A-9F11-EBF33698B174}"
EndProject
Project("{2150E333-8FDC-42A3-9474-1A3956D46DE8}") = "4-Entidades", "4-Entidades", "{F63F1B71-71F8-461B-A7CA-3F591572F3A3}"
EndProject
Project("{2150E333-8FDC-42A3-9474-1A3956D46DE8}") = "5-Helpers", "5-Helpers", "{75498E0C-80EE-4587-BACD-8CA43F094BCC}"
EndProject
Project("{FAE04EC0-301F-11D3-BF4B-00C04F79EFBC}") = "Helpers", "Helpers\Helpers.csproj", "{CC112178-7439-4E24-8CB1-9CD4C5505CBB}"
EndProject
Project("{FAE04EC0-301F-11D3-BF4B-00C04F79EFBC}") = "Infra", "Infra\Infra.csproj", "{2CE49F74-D6E7-4E9B-97BE-A1239C29F1E6}"
EndProject
Project("{FAE04EC0-301F-11D3-BF4B-00C04F79EFBC}") = "Domain", "Domain\Domain.csproj", "{7B1A53AC-5600-45F5-A9E2-092CD99281F5}"
EndProject
Project("{FAE04EC0-301F-11D3-BF4B-00C04F79EFBC}") = "WebApi", "WebApi\WebApi.csproj", "{853E0748-DFE4-48EE-B52F-3B312CCAEDC5}"
EndProject
Global
	GlobalSection(SolutionConfigurationPlatforms) = preSolution
		Debug|Any CPU = Debug|Any CPU
		Release|Any CPU = Release|Any CPU
	EndGlobalSection
	GlobalSection(ProjectConfigurationPlatforms) = postSolution
		{176E936F-82EC-439D-A5F5-01D867F5FF5A}.Debug|Any CPU.ActiveCfg = Debug|Any CPU
		{176E936F-82EC-439D-A5F5-01D867F5FF5A}.Debug|Any CPU.Build.0 = Debug|Any CPU
		{176E936F-82EC-439D-A5F5-01D867F5FF5A}.Release|Any CPU.ActiveCfg = Release|Any CPU
		{176E936F-82EC-439D-A5F5-01D867F5FF5A}.Release|Any CPU.Build.0 = Release|Any CPU
		{CC112178-7439-4E24-8CB1-9CD4C5505CBB}.Debug|Any CPU.ActiveCfg = Debug|Any CPU
		{CC112178-7439-4E24-8CB1-9CD4C5505CBB}.Debug|Any CPU.Build.0 = Debug|Any CPU
		{CC112178-7439-4E24-8CB1-9CD4C5505CBB}.Release|Any CPU.ActiveCfg = Release|Any CPU
		{CC112178-7439-4E24-8CB1-9CD4C5505CBB}.Release|Any CPU.Build.0 = Release|Any CPU
		{2CE49F74-D6E7-4E9B-97BE-A1239C29F1E6}.Debug|Any CPU.ActiveCfg = Debug|Any CPU
		{2CE49F74-D6E7-4E9B-97BE-A1239C29F1E6}.Debug|Any CPU.Build.0 = Debug|Any CPU
		{2CE49F74-D6E7-4E9B-97BE-A1239C29F1E6}.Release|Any CPU.ActiveCfg = Release|Any CPU
		{2CE49F74-D6E7-4E9B-97BE-A1239C29F1E6}.Release|Any CPU.Build.0 = Release|Any CPU
		{7B1A53AC-5600-45F5-A9E2-092CD99281F5}.Debug|Any CPU.ActiveCfg = Debug|Any CPU
		{7B1A53AC-5600-45F5-A9E2-092CD99281F5}.Debug|Any CPU.Build.0 = Debug|Any CPU
		{7B1A53AC-5600-45F5-A9E2-092CD99281F5}.Release|Any CPU.ActiveCfg = Release|Any CPU
		{7B1A53AC-5600-45F5-A9E2-092CD99281F5}.Release|Any CPU.Build.0 = Release|Any CPU
		{853E0748-DFE4-48EE-B52F-3B312CCAEDC5}.Debug|Any CPU.ActiveCfg = Debug|Any CPU
		{853E0748-DFE4-48EE-B52F-3B312CCAEDC5}.Debug|Any CPU.Build.0 = Debug|Any CPU
		{853E0748-DFE4-48EE-B52F-3B312CCAEDC5}.Release|Any CPU.ActiveCfg = Release|Any CPU
		{853E0748-DFE4-48EE-B52F-3B312CCAEDC5}.Release|Any CPU.Build.0 = Release|Any CPU
	EndGlobalSection
	GlobalSection(SolutionProperties) = preSolution
		HideSolutionNode = FALSE
	EndGlobalSection
	GlobalSection(NestedProjects) = preSolution
		{176E936F-82EC-439D-A5F5-01D867F5FF5A} = {F63F1B71-71F8-461B-A7CA-3F591572F3A3}
		{CC112178-7439-4E24-8CB1-9CD4C5505CBB} = {75498E0C-80EE-4587-BACD-8CA43F094BCC}
		{2CE49F74-D6E7-4E9B-97BE-A1239C29F1E6} = {EB9E05F6-D9D3-439A-9F11-EBF33698B174}
		{7B1A53AC-5600-45F5-A9E2-092CD99281F5} = {BB58B95B-BC1C-479B-84FF-537E8A1AD625}
		{853E0748-DFE4-48EE-B52F-3B312CCAEDC5} = {B593DD83-611F-4C32-ABCD-336B0B4A2704}
	EndGlobalSection
EndGlobal
